
Microsoft Visual Studio Solution File, Format Version 12.00
# Visual Studio 15
VisualStudioVersion = 15.0.26206.0
MinimumVisualStudioVersion = 10.0.40219.1
Project("{F2A71F9B-5D33-465A-A702-920D77279786}") = "FSharpLearning", "FSharpLearning\FSharpLearning.fsproj", "{27F49187-2CE8-4BD5-A722-01A9C11B1F0C}"
EndProject
Global
	GlobalSection(SolutionConfigurationPlatforms) = preSolution
		Debug|Any CPU = Debug|Any CPU
		Release|Any CPU = Release|Any CPU
	EndGlobalSection
	GlobalSection(ProjectConfigurationPlatforms) = postSolution
		{27F49187-2CE8-4BD5-A722-01A9C11B1F0C}.Debug|Any CPU.ActiveCfg = Debug|Any CPU
		{27F49187-2CE8-4BD5-A722-01A9C11B1F0C}.Debug|Any CPU.Build.0 = Debug|Any CPU
		{27F49187-2CE8-4BD5-A722-01A9C11B1F0C}.Release|Any CPU.ActiveCfg = Release|Any CPU
		{27F49187-2CE8-4BD5-A722-01A9C11B1F0C}.Release|Any CPU.Build.0 = Release|Any CPU
	EndGlobalSection
	GlobalSection(SolutionProperties) = preSolution
		HideSolutionNode = FALSE
	EndGlobalSection
EndGlobal
