
Microsoft Visual Studio Solution File, Format Version 12.00
# Visual Studio 15
VisualStudioVersion = 15.0.26424.2
MinimumVisualStudioVersion = 10.0.40219.1
Project("{F2A71F9B-5D33-465A-A702-920D77279786}") = "ConsoleApplicationTest", "ConsoleApplicationTest\ConsoleApplicationTest.fsproj", "{7D7380E1-7DB3-4D42-B676-160907422CEC}"
EndProject
Project("{FAE04EC0-301F-11D3-BF4B-00C04F79EFBC}") = "CSharpFSharpTranslate", "CSharpFSharpTranslate\CSharpFSharpTranslate.csproj", "{6D453F9B-CAE5-4118-A9E1-BC47189B74FA}"
EndProject
Project("{F2A71F9B-5D33-465A-A702-920D77279786}") = "Tutorial2", "Tutorial2\Tutorial2.fsproj", "{BD2BA63E-155A-484F-9772-69CA4A898789}"
EndProject
Project("{F2A71F9B-5D33-465A-A702-920D77279786}") = "MovieNews.Data", "MovieNews.Data\MovieNews.Data.fsproj", "{1731E449-7DA3-40DA-88E6-6459109EEF6C}"
EndProject
Global
	GlobalSection(SolutionConfigurationPlatforms) = preSolution
		Debug|Any CPU = Debug|Any CPU
		Release|Any CPU = Release|Any CPU
	EndGlobalSection
	GlobalSection(ProjectConfigurationPlatforms) = postSolution
		{7D7380E1-7DB3-4D42-B676-160907422CEC}.Debug|Any CPU.ActiveCfg = Debug|Any CPU
		{7D7380E1-7DB3-4D42-B676-160907422CEC}.Debug|Any CPU.Build.0 = Debug|Any CPU
		{7D7380E1-7DB3-4D42-B676-160907422CEC}.Release|Any CPU.ActiveCfg = Release|Any CPU
		{7D7380E1-7DB3-4D42-B676-160907422CEC}.Release|Any CPU.Build.0 = Release|Any CPU
		{6D453F9B-CAE5-4118-A9E1-BC47189B74FA}.Debug|Any CPU.ActiveCfg = Debug|Any CPU
		{6D453F9B-CAE5-4118-A9E1-BC47189B74FA}.Debug|Any CPU.Build.0 = Debug|Any CPU
		{6D453F9B-CAE5-4118-A9E1-BC47189B74FA}.Release|Any CPU.ActiveCfg = Release|Any CPU
		{6D453F9B-CAE5-4118-A9E1-BC47189B74FA}.Release|Any CPU.Build.0 = Release|Any CPU
		{BD2BA63E-155A-484F-9772-69CA4A898789}.Debug|Any CPU.ActiveCfg = Debug|Any CPU
		{BD2BA63E-155A-484F-9772-69CA4A898789}.Debug|Any CPU.Build.0 = Debug|Any CPU
		{BD2BA63E-155A-484F-9772-69CA4A898789}.Release|Any CPU.ActiveCfg = Release|Any CPU
		{BD2BA63E-155A-484F-9772-69CA4A898789}.Release|Any CPU.Build.0 = Release|Any CPU
		{1731E449-7DA3-40DA-88E6-6459109EEF6C}.Debug|Any CPU.ActiveCfg = Debug|Any CPU
		{1731E449-7DA3-40DA-88E6-6459109EEF6C}.Debug|Any CPU.Build.0 = Debug|Any CPU
		{1731E449-7DA3-40DA-88E6-6459109EEF6C}.Release|Any CPU.ActiveCfg = Release|Any CPU
		{1731E449-7DA3-40DA-88E6-6459109EEF6C}.Release|Any CPU.Build.0 = Release|Any CPU
	EndGlobalSection
	GlobalSection(SolutionProperties) = preSolution
		HideSolutionNode = FALSE
	EndGlobalSection
EndGlobal
