
Microsoft Visual Studio Solution File, Format Version 12.00
# Visual Studio 15
VisualStudioVersion = 15.0.26228.9
MinimumVisualStudioVersion = 10.0.40219.1
Project("{F2A71F9B-5D33-465A-A702-920D77279786}") = "FSharpLearning", "FSharpLearning\FSharpLearning.fsproj", "{27F49187-2CE8-4BD5-A722-01A9C11B1F0C}"
EndProject
Project("{F2A71F9B-5D33-465A-A702-920D77279786}") = "ConsoleApplicationTest", "ConsoleApplicationTest\ConsoleApplicationTest.fsproj", "{7D7380E1-7DB3-4D42-B676-160907422CEC}"
EndProject
Project("{F2A71F9B-5D33-465A-A702-920D77279786}") = "Tutorial1", "Tutorial1\Tutorial1.fsproj", "{8E76BC49-4CAC-48EE-83A9-2B2F82178024}"
EndProject
Project("{FAE04EC0-301F-11D3-BF4B-00C04F79EFBC}") = "CSharpFSharpTranslate", "CSharpFSharpTranslate\CSharpFSharpTranslate.csproj", "{6D453F9B-CAE5-4118-A9E1-BC47189B74FA}"
EndProject
Global
	GlobalSection(SolutionConfigurationPlatforms) = preSolution
		Debug|Any CPU = Debug|Any CPU
		Release|Any CPU = Release|Any CPU
	EndGlobalSection
	GlobalSection(ProjectConfigurationPlatforms) = postSolution
		{27F49187-2CE8-4BD5-A722-01A9C11B1F0C}.Debug|Any CPU.ActiveCfg = Debug|Any CPU
		{27F49187-2CE8-4BD5-A722-01A9C11B1F0C}.Debug|Any CPU.Build.0 = Debug|Any CPU
		{27F49187-2CE8-4BD5-A722-01A9C11B1F0C}.Release|Any CPU.ActiveCfg = Release|Any CPU
		{27F49187-2CE8-4BD5-A722-01A9C11B1F0C}.Release|Any CPU.Build.0 = Release|Any CPU
		{7D7380E1-7DB3-4D42-B676-160907422CEC}.Debug|Any CPU.ActiveCfg = Debug|Any CPU
		{7D7380E1-7DB3-4D42-B676-160907422CEC}.Debug|Any CPU.Build.0 = Debug|Any CPU
		{7D7380E1-7DB3-4D42-B676-160907422CEC}.Release|Any CPU.ActiveCfg = Release|Any CPU
		{7D7380E1-7DB3-4D42-B676-160907422CEC}.Release|Any CPU.Build.0 = Release|Any CPU
		{8E76BC49-4CAC-48EE-83A9-2B2F82178024}.Debug|Any CPU.ActiveCfg = Debug|Any CPU
		{8E76BC49-4CAC-48EE-83A9-2B2F82178024}.Debug|Any CPU.Build.0 = Debug|Any CPU
		{8E76BC49-4CAC-48EE-83A9-2B2F82178024}.Release|Any CPU.ActiveCfg = Release|Any CPU
		{8E76BC49-4CAC-48EE-83A9-2B2F82178024}.Release|Any CPU.Build.0 = Release|Any CPU
		{6D453F9B-CAE5-4118-A9E1-BC47189B74FA}.Debug|Any CPU.ActiveCfg = Debug|Any CPU
		{6D453F9B-CAE5-4118-A9E1-BC47189B74FA}.Debug|Any CPU.Build.0 = Debug|Any CPU
		{6D453F9B-CAE5-4118-A9E1-BC47189B74FA}.Release|Any CPU.ActiveCfg = Release|Any CPU
		{6D453F9B-CAE5-4118-A9E1-BC47189B74FA}.Release|Any CPU.Build.0 = Release|Any CPU
	EndGlobalSection
	GlobalSection(SolutionProperties) = preSolution
		HideSolutionNode = FALSE
	EndGlobalSection
EndGlobal
